// !$*UTF8*$!
{
	archiveVersion = 1;
	classes = {
	};
	objectVersion = 46;
	objects = {

/* Begin PBXBuildFile section */
		585D30BC1ADC3C9A00270698 /* AppDelegate.swift in Sources */ = {isa = PBXBuildFile; fileRef = 585D30BB1ADC3C9A00270698 /* AppDelegate.swift */; };
		585D30BE1ADC3C9A00270698 /* ViewController.swift in Sources */ = {isa = PBXBuildFile; fileRef = 585D30BD1ADC3C9A00270698 /* ViewController.swift */; };
		585D30C11ADC3C9A00270698 /* Main.storyboard in Resources */ = {isa = PBXBuildFile; fileRef = 585D30BF1ADC3C9A00270698 /* Main.storyboard */; };
		585D30C31ADC3C9A00270698 /* Images.xcassets in Resources */ = {isa = PBXBuildFile; fileRef = 585D30C21ADC3C9A00270698 /* Images.xcassets */; };
		585D30C61ADC3C9A00270698 /* LaunchScreen.xib in Resources */ = {isa = PBXBuildFile; fileRef = 585D30C41ADC3C9A00270698 /* LaunchScreen.xib */; };
		585D30D21ADC3C9A00270698 /* ForwardExampleTests.swift in Sources */ = {isa = PBXBuildFile; fileRef = 585D30D11ADC3C9A00270698 /* ForwardExampleTests.swift */; };
		585D30DD1ADC3E9200270698 /* Forward.swift in Sources */ = {isa = PBXBuildFile; fileRef = 585D30DC1ADC3E9200270698 /* Forward.swift */; };
/* End PBXBuildFile section */

/* Begin PBXContainerItemProxy section */
		585D30CC1ADC3C9A00270698 /* PBXContainerItemProxy */ = {
			isa = PBXContainerItemProxy;
			containerPortal = 585D30AE1ADC3C9A00270698 /* Project object */;
			proxyType = 1;
			remoteGlobalIDString = 585D30B51ADC3C9A00270698;
			remoteInfo = ForwardExample;
		};
/* End PBXContainerItemProxy section */

/* Begin PBXFileReference section */
		585D30B61ADC3C9A00270698 /* ForwardExample.app */ = {isa = PBXFileReference; explicitFileType = wrapper.application; includeInIndex = 0; path = ForwardExample.app; sourceTree = BUILT_PRODUCTS_DIR; };
		585D30BA1ADC3C9A00270698 /* Info.plist */ = {isa = PBXFileReference; lastKnownFileType = text.plist.xml; path = Info.plist; sourceTree = "<group>"; };
		585D30BB1ADC3C9A00270698 /* AppDelegate.swift */ = {isa = PBXFileReference; lastKnownFileType = sourcecode.swift; path = AppDelegate.swift; sourceTree = "<group>"; };
		585D30BD1ADC3C9A00270698 /* ViewController.swift */ = {isa = PBXFileReference; lastKnownFileType = sourcecode.swift; path = ViewController.swift; sourceTree = "<group>"; };
		585D30C01ADC3C9A00270698 /* Base */ = {isa = PBXFileReference; lastKnownFileType = file.storyboard; name = Base; path = Base.lproj/Main.storyboard; sourceTree = "<group>"; };
		585D30C21ADC3C9A00270698 /* Images.xcassets */ = {isa = PBXFileReference; lastKnownFileType = folder.assetcatalog; path = Images.xcassets; sourceTree = "<group>"; };
		585D30C51ADC3C9A00270698 /* Base */ = {isa = PBXFileReference; lastKnownFileType = file.xib; name = Base; path = Base.lproj/LaunchScreen.xib; sourceTree = "<group>"; };
		585D30CB1ADC3C9A00270698 /* ForwardExampleTests.xctest */ = {isa = PBXFileReference; explicitFileType = wrapper.cfbundle; includeInIndex = 0; path = ForwardExampleTests.xctest; sourceTree = BUILT_PRODUCTS_DIR; };
		585D30D01ADC3C9A00270698 /* Info.plist */ = {isa = PBXFileReference; lastKnownFileType = text.plist.xml; path = Info.plist; sourceTree = "<group>"; };
		585D30D11ADC3C9A00270698 /* ForwardExampleTests.swift */ = {isa = PBXFileReference; lastKnownFileType = sourcecode.swift; path = ForwardExampleTests.swift; sourceTree = "<group>"; };
		585D30DC1ADC3E9200270698 /* Forward.swift */ = {isa = PBXFileReference; fileEncoding = 4; lastKnownFileType = sourcecode.swift; name = Forward.swift; path = ../../Forward.swift; sourceTree = "<group>"; };
/* End PBXFileReference section */

/* Begin PBXFrameworksBuildPhase section */
		585D30B31ADC3C9A00270698 /* Frameworks */ = {
			isa = PBXFrameworksBuildPhase;
			buildActionMask = 2147483647;
			files = (
			);
			runOnlyForDeploymentPostprocessing = 0;
		};
		585D30C81ADC3C9A00270698 /* Frameworks */ = {
			isa = PBXFrameworksBuildPhase;
			buildActionMask = 2147483647;
			files = (
			);
			runOnlyForDeploymentPostprocessing = 0;
		};
/* End PBXFrameworksBuildPhase section */

/* Begin PBXGroup section */
		585D30AD1ADC3C9A00270698 = {
			isa = PBXGroup;
			children = (
				585D30B81ADC3C9A00270698 /* ForwardExample */,
				585D30CE1ADC3C9A00270698 /* ForwardExampleTests */,
				585D30B71ADC3C9A00270698 /* Products */,
			);
			sourceTree = "<group>";
		};
		585D30B71ADC3C9A00270698 /* Products */ = {
			isa = PBXGroup;
			children = (
				585D30B61ADC3C9A00270698 /* ForwardExample.app */,
				585D30CB1ADC3C9A00270698 /* ForwardExampleTests.xctest */,
			);
			name = Products;
			sourceTree = "<group>";
		};
		585D30B81ADC3C9A00270698 /* ForwardExample */ = {
			isa = PBXGroup;
			children = (
				585D30DB1ADC3E8600270698 /* Forward */,
				585D30BB1ADC3C9A00270698 /* AppDelegate.swift */,
				585D30BD1ADC3C9A00270698 /* ViewController.swift */,
				585D30BF1ADC3C9A00270698 /* Main.storyboard */,
				585D30C21ADC3C9A00270698 /* Images.xcassets */,
				585D30C41ADC3C9A00270698 /* LaunchScreen.xib */,
				585D30B91ADC3C9A00270698 /* Supporting Files */,
			);
			path = ForwardExample;
			sourceTree = "<group>";
		};
		585D30B91ADC3C9A00270698 /* Supporting Files */ = {
			isa = PBXGroup;
			children = (
				585D30BA1ADC3C9A00270698 /* Info.plist */,
			);
			name = "Supporting Files";
			sourceTree = "<group>";
		};
		585D30CE1ADC3C9A00270698 /* ForwardExampleTests */ = {
			isa = PBXGroup;
			children = (
				585D30D11ADC3C9A00270698 /* ForwardExampleTests.swift */,
				585D30CF1ADC3C9A00270698 /* Supporting Files */,
			);
			path = ForwardExampleTests;
			sourceTree = "<group>";
		};
		585D30CF1ADC3C9A00270698 /* Supporting Files */ = {
			isa = PBXGroup;
			children = (
				585D30D01ADC3C9A00270698 /* Info.plist */,
			);
			name = "Supporting Files";
			sourceTree = "<group>";
		};
		585D30DB1ADC3E8600270698 /* Forward */ = {
			isa = PBXGroup;
			children = (
				585D30DC1ADC3E9200270698 /* Forward.swift */,
			);
			name = Forward;
			sourceTree = "<group>";
		};
/* End PBXGroup section */

/* Begin PBXNativeTarget section */
		585D30B51ADC3C9A00270698 /* ForwardExample */ = {
			isa = PBXNativeTarget;
			buildConfigurationList = 585D30D51ADC3C9A00270698 /* Build configuration list for PBXNativeTarget "ForwardExample" */;
			buildPhases = (
				585D30B21ADC3C9A00270698 /* Sources */,
				585D30B31ADC3C9A00270698 /* Frameworks */,
				585D30B41ADC3C9A00270698 /* Resources */,
			);
			buildRules = (
			);
			dependencies = (
			);
			name = ForwardExample;
			productName = ForwardExample;
			productReference = 585D30B61ADC3C9A00270698 /* ForwardExample.app */;
			productType = "com.apple.product-type.application";
		};
		585D30CA1ADC3C9A00270698 /* ForwardExampleTests */ = {
			isa = PBXNativeTarget;
			buildConfigurationList = 585D30D81ADC3C9A00270698 /* Build configuration list for PBXNativeTarget "ForwardExampleTests" */;
			buildPhases = (
				585D30C71ADC3C9A00270698 /* Sources */,
				585D30C81ADC3C9A00270698 /* Frameworks */,
				585D30C91ADC3C9A00270698 /* Resources */,
			);
			buildRules = (
			);
			dependencies = (
				585D30CD1ADC3C9A00270698 /* PBXTargetDependency */,
			);
			name = ForwardExampleTests;
			productName = ForwardExampleTests;
			productReference = 585D30CB1ADC3C9A00270698 /* ForwardExampleTests.xctest */;
			productType = "com.apple.product-type.bundle.unit-test";
		};
/* End PBXNativeTarget section */

/* Begin PBXProject section */
		585D30AE1ADC3C9A00270698 /* Project object */ = {
			isa = PBXProject;
			attributes = {
				LastUpgradeCheck = 0610;
				ORGANIZATIONNAME = "Sweaty Fingers";
				TargetAttributes = {
					585D30B51ADC3C9A00270698 = {
						CreatedOnToolsVersion = 6.1.1;
					};
					585D30CA1ADC3C9A00270698 = {
						CreatedOnToolsVersion = 6.1.1;
						TestTargetID = 585D30B51ADC3C9A00270698;
					};
				};
			};
			buildConfigurationList = 585D30B11ADC3C9A00270698 /* Build configuration list for PBXProject "ForwardExample" */;
			compatibilityVersion = "Xcode 3.2";
			developmentRegion = English;
			hasScannedForEncodings = 0;
			knownRegions = (
				en,
				Base,
			);
			mainGroup = 585D30AD1ADC3C9A00270698;
			productRefGroup = 585D30B71ADC3C9A00270698 /* Products */;
			projectDirPath = "";
			projectRoot = "";
			targets = (
				585D30B51ADC3C9A00270698 /* ForwardExample */,
				585D30CA1ADC3C9A00270698 /* ForwardExampleTests */,
			);
		};
/* End PBXProject section */

/* Begin PBXResourcesBuildPhase section */
		585D30B41ADC3C9A00270698 /* Resources */ = {
			isa = PBXResourcesBuildPhase;
			buildActionMask = 2147483647;
			files = (
				585D30C11ADC3C9A00270698 /* Main.storyboard in Resources */,
				585D30C61ADC3C9A00270698 /* LaunchScreen.xib in Resources */,
				585D30C31ADC3C9A00270698 /* Images.xcassets in Resources */,
			);
			runOnlyForDeploymentPostprocessing = 0;
		};
		585D30C91ADC3C9A00270698 /* Resources */ = {
			isa = PBXResourcesBuildPhase;
			buildActionMask = 2147483647;
			files = (
			);
			runOnlyForDeploymentPostprocessing = 0;
		};
/* End PBXResourcesBuildPhase section */

/* Begin PBXSourcesBuildPhase section */
		585D30B21ADC3C9A00270698 /* Sources */ = {
			isa = PBXSourcesBuildPhase;
			buildActionMask = 2147483647;
			files = (
				585D30BE1ADC3C9A00270698 /* ViewController.swift in Sources */,
				585D30BC1ADC3C9A00270698 /* AppDelegate.swift in Sources */,
				585D30DD1ADC3E9200270698 /* Forward.swift in Sources */,
			);
			runOnlyForDeploymentPostprocessing = 0;
		};
		585D30C71ADC3C9A00270698 /* Sources */ = {
			isa = PBXSourcesBuildPhase;
			buildActionMask = 2147483647;
			files = (
				585D30D21ADC3C9A00270698 /* ForwardExampleTests.swift in Sources */,
			);
			runOnlyForDeploymentPostprocessing = 0;
		};
/* End PBXSourcesBuildPhase section */

/* Begin PBXTargetDependency section */
		585D30CD1ADC3C9A00270698 /* PBXTargetDependency */ = {
			isa = PBXTargetDependency;
			target = 585D30B51ADC3C9A00270698 /* ForwardExample */;
			targetProxy = 585D30CC1ADC3C9A00270698 /* PBXContainerItemProxy */;
		};
/* End PBXTargetDependency section */

/* Begin PBXVariantGroup section */
		585D30BF1ADC3C9A00270698 /* Main.storyboard */ = {
			isa = PBXVariantGroup;
			children = (
				585D30C01ADC3C9A00270698 /* Base */,
			);
			name = Main.storyboard;
			sourceTree = "<group>";
		};
		585D30C41ADC3C9A00270698 /* LaunchScreen.xib */ = {
			isa = PBXVariantGroup;
			children = (
				585D30C51ADC3C9A00270698 /* Base */,
			);
			name = LaunchScreen.xib;
			sourceTree = "<group>";
		};
/* End PBXVariantGroup section */

/* Begin XCBuildConfiguration section */
		585D30D31ADC3C9A00270698 /* Debug */ = {
			isa = XCBuildConfiguration;
			buildSettings = {
				ALWAYS_SEARCH_USER_PATHS = NO;
				CLANG_CXX_LANGUAGE_STANDARD = "gnu++0x";
				CLANG_CXX_LIBRARY = "libc++";
				CLANG_ENABLE_MODULES = YES;
				CLANG_ENABLE_OBJC_ARC = YES;
				CLANG_WARN_BOOL_CONVERSION = YES;
				CLANG_WARN_CONSTANT_CONVERSION = YES;
				CLANG_WARN_DIRECT_OBJC_ISA_USAGE = YES_ERROR;
				CLANG_WARN_EMPTY_BODY = YES;
				CLANG_WARN_ENUM_CONVERSION = YES;
				CLANG_WARN_INT_CONVERSION = YES;
				CLANG_WARN_OBJC_ROOT_CLASS = YES_ERROR;
				CLANG_WARN_UNREACHABLE_CODE = YES;
				CLANG_WARN__DUPLICATE_METHOD_MATCH = YES;
				"CODE_SIGN_IDENTITY[sdk=iphoneos*]" = "iPhone Developer";
				COPY_PHASE_STRIP = NO;
				ENABLE_STRICT_OBJC_MSGSEND = YES;
				GCC_C_LANGUAGE_STANDARD = gnu99;
				GCC_DYNAMIC_NO_PIC = NO;
				GCC_OPTIMIZATION_LEVEL = 0;
				GCC_PREPROCESSOR_DEFINITIONS = (
					"DEBUG=1",
					"$(inherited)",
				);
				GCC_SYMBOLS_PRIVATE_EXTERN = NO;
				GCC_WARN_64_TO_32_BIT_CONVERSION = YES;
				GCC_WARN_ABOUT_RETURN_TYPE = YES_ERROR;
				GCC_WARN_UNDECLARED_SELECTOR = YES;
				GCC_WARN_UNINITIALIZED_AUTOS = YES_AGGRESSIVE;
				GCC_WARN_UNUSED_FUNCTION = YES;
				GCC_WARN_UNUSED_VARIABLE = YES;
				IPHONEOS_DEPLOYMENT_TARGET = 8.1;
				MTL_ENABLE_DEBUG_INFO = YES;
				ONLY_ACTIVE_ARCH = YES;
				SDKROOT = iphoneos;
				SWIFT_OPTIMIZATION_LEVEL = "-Onone";
			};
			name = Debug;
		};
		585D30D41ADC3C9A00270698 /* Release */ = {
			isa = XCBuildConfiguration;
			buildSettings = {
				ALWAYS_SEARCH_USER_PATHS = NO;
				CLANG_CXX_LANGUAGE_STANDARD = "gnu++0x";
				CLANG_CXX_LIBRARY = "libc++";
				CLANG_ENABLE_MODULES = YES;
				CLANG_ENABLE_OBJC_ARC = YES;
				CLANG_WARN_BOOL_CONVERSION = YES;
				CLANG_WARN_CONSTANT_CONVERSION = YES;
				CLANG_WARN_DIRECT_OBJC_ISA_USAGE = YES_ERROR;
				CLANG_WARN_EMPTY_BODY = YES;
				CLANG_WARN_ENUM_CONVERSION = YES;
				CLANG_WARN_INT_CONVERSION = YES;
				CLANG_WARN_OBJC_ROOT_CLASS = YES_ERROR;
				CLANG_WARN_UNREACHABLE_CODE = YES;
				CLANG_WARN__DUPLICATE_METHOD_MATCH = YES;
				"CODE_SIGN_IDENTITY[sdk=iphoneos*]" = "iPhone Developer";
				COPY_PHASE_STRIP = YES;
				ENABLE_NS_ASSERTIONS = NO;
				ENABLE_STRICT_OBJC_MSGSEND = YES;
				GCC_C_LANGUAGE_STANDARD = gnu99;
				GCC_WARN_64_TO_32_BIT_CONVERSION = YES;
				GCC_WARN_ABOUT_RETURN_TYPE = YES_ERROR;
				GCC_WARN_UNDECLARED_SELECTOR = YES;
				GCC_WARN_UNINITIALIZED_AUTOS = YES_AGGRESSIVE;
				GCC_WARN_UNUSED_FUNCTION = YES;
				GCC_WARN_UNUSED_VARIABLE = YES;
				IPHONEOS_DEPLOYMENT_TARGET = 8.1;
				MTL_ENABLE_DEBUG_INFO = NO;
				SDKROOT = iphoneos;
				VALIDATE_PRODUCT = YES;
			};
			name = Release;
		};
		585D30D61ADC3C9A00270698 /* Debug */ = {
			isa = XCBuildConfiguration;
			buildSettings = {
				ASSETCATALOG_COMPILER_APPICON_NAME = AppIcon;
				INFOPLIST_FILE = ForwardExample/Info.plist;
				LD_RUNPATH_SEARCH_PATHS = "$(inherited) @executable_path/Frameworks";
				PRODUCT_NAME = "$(TARGET_NAME)";
			};
			name = Debug;
		};
		585D30D71ADC3C9A00270698 /* Release */ = {
			isa = XCBuildConfiguration;
			buildSettings = {
				ASSETCATALOG_COMPILER_APPICON_NAME = AppIcon;
				INFOPLIST_FILE = ForwardExample/Info.plist;
				LD_RUNPATH_SEARCH_PATHS = "$(inherited) @executable_path/Frameworks";
				PRODUCT_NAME = "$(TARGET_NAME)";
			};
			name = Release;
		};
		585D30D91ADC3C9A00270698 /* Debug */ = {
			isa = XCBuildConfiguration;
			buildSettings = {
				BUNDLE_LOADER = "$(TEST_HOST)";
				FRAMEWORK_SEARCH_PATHS = (
					"$(SDKROOT)/Developer/Library/Frameworks",
					"$(inherited)",
				);
				GCC_PREPROCESSOR_DEFINITIONS = (
					"DEBUG=1",
					"$(inherited)",
				);
				INFOPLIST_FILE = ForwardExampleTests/Info.plist;
				LD_RUNPATH_SEARCH_PATHS = "$(inherited) @executable_path/Frameworks @loader_path/Frameworks";
				PRODUCT_NAME = "$(TARGET_NAME)";
				TEST_HOST = "$(BUILT_PRODUCTS_DIR)/ForwardExample.app/ForwardExample";
			};
			name = Debug;
		};
		585D30DA1ADC3C9A00270698 /* Release */ = {
			isa = XCBuildConfiguration;
			buildSettings = {
				BUNDLE_LOADER = "$(TEST_HOST)";
				FRAMEWORK_SEARCH_PATHS = (
					"$(SDKROOT)/Developer/Library/Frameworks",
					"$(inherited)",
				);
				INFOPLIST_FILE = ForwardExampleTests/Info.plist;
				LD_RUNPATH_SEARCH_PATHS = "$(inherited) @executable_path/Frameworks @loader_path/Frameworks";
				PRODUCT_NAME = "$(TARGET_NAME)";
				TEST_HOST = "$(BUILT_PRODUCTS_DIR)/ForwardExample.app/ForwardExample";
			};
			name = Release;
		};
/* End XCBuildConfiguration section */

/* Begin XCConfigurationList section */
		585D30B11ADC3C9A00270698 /* Build configuration list for PBXProject "ForwardExample" */ = {
			isa = XCConfigurationList;
			buildConfigurations = (
				585D30D31ADC3C9A00270698 /* Debug */,
				585D30D41ADC3C9A00270698 /* Release */,
			);
			defaultConfigurationIsVisible = 0;
			defaultConfigurationName = Release;
		};
		585D30D51ADC3C9A00270698 /* Build configuration list for PBXNativeTarget "ForwardExample" */ = {
			isa = XCConfigurationList;
			buildConfigurations = (
				585D30D61ADC3C9A00270698 /* Debug */,
				585D30D71ADC3C9A00270698 /* Release */,
			);
			defaultConfigurationIsVisible = 0;
			defaultConfigurationName = Release;
		};
		585D30D81ADC3C9A00270698 /* Build configuration list for PBXNativeTarget "ForwardExampleTests" */ = {
			isa = XCConfigurationList;
			buildConfigurations = (
				585D30D91ADC3C9A00270698 /* Debug */,
				585D30DA1ADC3C9A00270698 /* Release */,
			);
			defaultConfigurationIsVisible = 0;
			defaultConfigurationName = Release;
		};
/* End XCConfigurationList section */
	};
	rootObject = 585D30AE1ADC3C9A00270698 /* Project object */;
}
